
Microsoft Visual Studio Solution File, Format Version 12.00
# Visual Studio Version 17
VisualStudioVersion = 17.14.36414.22
MinimumVisualStudioVersion = 10.0.40219.1
Project("{FAE04EC0-301F-11D3-BF4B-00C04F79EFBC}") = "WikipediaBiographyCreator", "WikipediaBiographyCreator\WikipediaBiographyCreator.csproj", "{70D62713-81C6-4F46-A65A-FA049DEDF258}"
EndProject
Project("{FAE04EC0-301F-11D3-BF4B-00C04F79EFBC}") = "WikipediaBiographyCreator.Tests", "WikipediaBiographyCreator.Tests\WikipediaBiographyCreator.Tests.csproj", "{3432DB25-2A2A-4392-A7C6-924914590EA7}"
EndProject
Global
	GlobalSection(SolutionConfigurationPlatforms) = preSolution
		Debug|Any CPU = Debug|Any CPU
		Release|Any CPU = Release|Any CPU
	EndGlobalSection
	GlobalSection(ProjectConfigurationPlatforms) = postSolution
		{70D62713-81C6-4F46-A65A-FA049DEDF258}.Debug|Any CPU.ActiveCfg = Debug|Any CPU
		{70D62713-81C6-4F46-A65A-FA049DEDF258}.Debug|Any CPU.Build.0 = Debug|Any CPU
		{70D62713-81C6-4F46-A65A-FA049DEDF258}.Release|Any CPU.ActiveCfg = Release|Any CPU
		{70D62713-81C6-4F46-A65A-FA049DEDF258}.Release|Any CPU.Build.0 = Release|Any CPU
		{3432DB25-2A2A-4392-A7C6-924914590EA7}.Debug|Any CPU.ActiveCfg = Debug|Any CPU
		{3432DB25-2A2A-4392-A7C6-924914590EA7}.Debug|Any CPU.Build.0 = Debug|Any CPU
		{3432DB25-2A2A-4392-A7C6-924914590EA7}.Release|Any CPU.ActiveCfg = Release|Any CPU
		{3432DB25-2A2A-4392-A7C6-924914590EA7}.Release|Any CPU.Build.0 = Release|Any CPU
	EndGlobalSection
	GlobalSection(SolutionProperties) = preSolution
		HideSolutionNode = FALSE
	EndGlobalSection
	GlobalSection(ExtensibilityGlobals) = postSolution
		SolutionGuid = {F5AF8EB7-18B6-4D7F-83D5-7DD0955DCDC5}
	EndGlobalSection
EndGlobal
